
Microsoft Visual Studio Solution File, Format Version 12.00
# Visual Studio Version 17
VisualStudioVersion = 17.6.33829.357
MinimumVisualStudioVersion = 10.0.40219.1
Project("{FAE04EC0-301F-11D3-BF4B-00C04F79EFBC}") = "EFGettingStarted", "EFGettingStarted.csproj", "{65C6F40D-A6D6-490A-9DDC-EDA6E4C82482}"
EndProject
Global
	GlobalSection(SolutionConfigurationPlatforms) = preSolution
		Debug|Any CPU = Debug|Any CPU
		Release|Any CPU = Release|Any CPU
	EndGlobalSection
	GlobalSection(ProjectConfigurationPlatforms) = postSolution
		{65C6F40D-A6D6-490A-9DDC-EDA6E4C82482}.Debug|Any CPU.ActiveCfg = Debug|Any CPU
		{65C6F40D-A6D6-490A-9DDC-EDA6E4C82482}.Debug|Any CPU.Build.0 = Debug|Any CPU
		{65C6F40D-A6D6-490A-9DDC-EDA6E4C82482}.Release|Any CPU.ActiveCfg = Release|Any CPU
		{65C6F40D-A6D6-490A-9DDC-EDA6E4C82482}.Release|Any CPU.Build.0 = Release|Any CPU
	EndGlobalSection
	GlobalSection(SolutionProperties) = preSolution
		HideSolutionNode = FALSE
	EndGlobalSection
	GlobalSection(ExtensibilityGlobals) = postSolution
		SolutionGuid = {A57DF3F1-5623-4B20-AA83-524A17BCAFEB}
	EndGlobalSection
EndGlobal
