
Microsoft Visual Studio Solution File, Format Version 12.00
# Visual Studio Version 17
VisualStudioVersion = 17.6.33829.357
MinimumVisualStudioVersion = 10.0.40219.1
Project("{9A19103F-16F7-4668-BE54-9A1E7A4F7556}") = "Bai1", "Bai1.csproj", "{3D1D04E3-A667-4364-94E9-A8153DC8178E}"
EndProject
Project("{9A19103F-16F7-4668-BE54-9A1E7A4F7556}") = "Polyphism", "..\..\Polyphism\Polyphism.csproj", "{78286DBA-FA38-435B-8718-B079F8D821F0}"
EndProject
Project("{FAE04EC0-301F-11D3-BF4B-00C04F79EFBC}") = "Interface", "..\Interface\Interface.csproj", "{27BEC5B2-8560-46DD-A779-3FF4D9960242}"
EndProject
Global
	GlobalSection(SolutionConfigurationPlatforms) = preSolution
		Debug|Any CPU = Debug|Any CPU
		Release|Any CPU = Release|Any CPU
	EndGlobalSection
	GlobalSection(ProjectConfigurationPlatforms) = postSolution
		{3D1D04E3-A667-4364-94E9-A8153DC8178E}.Debug|Any CPU.ActiveCfg = Debug|Any CPU
		{3D1D04E3-A667-4364-94E9-A8153DC8178E}.Debug|Any CPU.Build.0 = Debug|Any CPU
		{3D1D04E3-A667-4364-94E9-A8153DC8178E}.Release|Any CPU.ActiveCfg = Release|Any CPU
		{3D1D04E3-A667-4364-94E9-A8153DC8178E}.Release|Any CPU.Build.0 = Release|Any CPU
		{78286DBA-FA38-435B-8718-B079F8D821F0}.Debug|Any CPU.ActiveCfg = Debug|Any CPU
		{78286DBA-FA38-435B-8718-B079F8D821F0}.Debug|Any CPU.Build.0 = Debug|Any CPU
		{78286DBA-FA38-435B-8718-B079F8D821F0}.Release|Any CPU.ActiveCfg = Release|Any CPU
		{78286DBA-FA38-435B-8718-B079F8D821F0}.Release|Any CPU.Build.0 = Release|Any CPU
		{27BEC5B2-8560-46DD-A779-3FF4D9960242}.Debug|Any CPU.ActiveCfg = Debug|Any CPU
		{27BEC5B2-8560-46DD-A779-3FF4D9960242}.Debug|Any CPU.Build.0 = Debug|Any CPU
		{27BEC5B2-8560-46DD-A779-3FF4D9960242}.Release|Any CPU.ActiveCfg = Release|Any CPU
		{27BEC5B2-8560-46DD-A779-3FF4D9960242}.Release|Any CPU.Build.0 = Release|Any CPU
	EndGlobalSection
	GlobalSection(SolutionProperties) = preSolution
		HideSolutionNode = FALSE
	EndGlobalSection
	GlobalSection(ExtensibilityGlobals) = postSolution
		SolutionGuid = {765D80DB-C0B9-4852-97D6-9F3D03971A31}
	EndGlobalSection
EndGlobal
