
Microsoft Visual Studio Solution File, Format Version 12.00
# Visual Studio Version 17
VisualStudioVersion = 17.6.33829.357
MinimumVisualStudioVersion = 10.0.40219.1
Project("{FAE04EC0-301F-11D3-BF4B-00C04F79EFBC}") = "QLSoThu", "QLSoThu.csproj", "{04C015C4-8DF5-4E7D-8F12-BC18BE886FAB}"
EndProject
Global
	GlobalSection(SolutionConfigurationPlatforms) = preSolution
		Debug|Any CPU = Debug|Any CPU
		Release|Any CPU = Release|Any CPU
	EndGlobalSection
	GlobalSection(ProjectConfigurationPlatforms) = postSolution
		{04C015C4-8DF5-4E7D-8F12-BC18BE886FAB}.Debug|Any CPU.ActiveCfg = Debug|Any CPU
		{04C015C4-8DF5-4E7D-8F12-BC18BE886FAB}.Debug|Any CPU.Build.0 = Debug|Any CPU
		{04C015C4-8DF5-4E7D-8F12-BC18BE886FAB}.Release|Any CPU.ActiveCfg = Release|Any CPU
		{04C015C4-8DF5-4E7D-8F12-BC18BE886FAB}.Release|Any CPU.Build.0 = Release|Any CPU
	EndGlobalSection
	GlobalSection(SolutionProperties) = preSolution
		HideSolutionNode = FALSE
	EndGlobalSection
	GlobalSection(ExtensibilityGlobals) = postSolution
		SolutionGuid = {8C3D7DC8-B685-41CB-AA5A-9D635D2E65E1}
	EndGlobalSection
EndGlobal
